// !$*UTF8*$!
{
	archiveVersion = 1;
	classes = {
	};
	objectVersion = 50;
	objects = {

/* Begin PBXBuildFile section */
		B008188D23EA5565006A809F /* AppDelegate.swift in Sources */ = {isa = PBXBuildFile; fileRef = B008188C23EA5565006A809F /* AppDelegate.swift */; };
		B008188F23EA5565006A809F /* SceneDelegate.swift in Sources */ = {isa = PBXBuildFile; fileRef = B008188E23EA5565006A809F /* SceneDelegate.swift */; };
		B008189123EA5565006A809F /* FirstViewController.swift in Sources */ = {isa = PBXBuildFile; fileRef = B008189023EA5565006A809F /* FirstViewController.swift */; };
		B008189823EA5569006A809F /* Assets.xcassets in Resources */ = {isa = PBXBuildFile; fileRef = B008189723EA5569006A809F /* Assets.xcassets */; };
		B008189B23EA5569006A809F /* LaunchScreen.storyboard in Resources */ = {isa = PBXBuildFile; fileRef = B008189923EA5569006A809F /* LaunchScreen.storyboard */; };
		B00818A323EA610C006A809F /* Main.storyboard in Resources */ = {isa = PBXBuildFile; fileRef = B00818A223EA610C006A809F /* Main.storyboard */; };
		B00818A523EA61BC006A809F /* DataViewController.swift in Sources */ = {isa = PBXBuildFile; fileRef = B00818A423EA61BC006A809F /* DataViewController.swift */; };
		B00818A723EA6301006A809F /* themesViewController.swift in Sources */ = {isa = PBXBuildFile; fileRef = B00818A623EA6301006A809F /* themesViewController.swift */; };
		B01605D12407647D0073C365 /* theboldfont.ttf in Resources */ = {isa = PBXBuildFile; fileRef = B01605D02407647D0073C365 /* theboldfont.ttf */; };
		B041F3A023FCC3E400230D61 /* CookieImages.swift in Sources */ = {isa = PBXBuildFile; fileRef = B041F39F23FCC3E400230D61 /* CookieImages.swift */; };
		B05A7FD623FB7B66006B2235 /* GlobalVars.swift in Sources */ = {isa = PBXBuildFile; fileRef = B05A7FD523FB7B66006B2235 /* GlobalVars.swift */; };
/* End PBXBuildFile section */

/* Begin PBXFileReference section */
		B008188923EA5565006A809F /* luckycookie.app */ = {isa = PBXFileReference; explicitFileType = wrapper.application; includeInIndex = 0; path = luckycookie.app; sourceTree = BUILT_PRODUCTS_DIR; };
		B008188C23EA5565006A809F /* AppDelegate.swift */ = {isa = PBXFileReference; lastKnownFileType = sourcecode.swift; path = AppDelegate.swift; sourceTree = "<group>"; };
		B008188E23EA5565006A809F /* SceneDelegate.swift */ = {isa = PBXFileReference; lastKnownFileType = sourcecode.swift; path = SceneDelegate.swift; sourceTree = "<group>"; };
		B008189023EA5565006A809F /* FirstViewController.swift */ = {isa = PBXFileReference; lastKnownFileType = sourcecode.swift; path = FirstViewController.swift; sourceTree = "<group>"; };
		B008189723EA5569006A809F /* Assets.xcassets */ = {isa = PBXFileReference; lastKnownFileType = folder.assetcatalog; path = Assets.xcassets; sourceTree = "<group>"; };
		B008189A23EA5569006A809F /* Base */ = {isa = PBXFileReference; lastKnownFileType = file.storyboard; name = Base; path = Base.lproj/LaunchScreen.storyboard; sourceTree = "<group>"; };
		B008189C23EA5569006A809F /* Info.plist */ = {isa = PBXFileReference; lastKnownFileType = text.plist.xml; path = Info.plist; sourceTree = "<group>"; };
		B00818A223EA610C006A809F /* Main.storyboard */ = {isa = PBXFileReference; fileEncoding = 4; lastKnownFileType = file.storyboard; path = Main.storyboard; sourceTree = "<group>"; };
		B00818A423EA61BC006A809F /* DataViewController.swift */ = {isa = PBXFileReference; lastKnownFileType = sourcecode.swift; path = DataViewController.swift; sourceTree = "<group>"; };
		B00818A623EA6301006A809F /* themesViewController.swift */ = {isa = PBXFileReference; lastKnownFileType = sourcecode.swift; path = themesViewController.swift; sourceTree = "<group>"; };
		B01605D02407647D0073C365 /* theboldfont.ttf */ = {isa = PBXFileReference; lastKnownFileType = file; path = theboldfont.ttf; sourceTree = "<group>"; };
		B041F39F23FCC3E400230D61 /* CookieImages.swift */ = {isa = PBXFileReference; lastKnownFileType = sourcecode.swift; path = CookieImages.swift; sourceTree = "<group>"; };
		B05A7FD523FB7B66006B2235 /* GlobalVars.swift */ = {isa = PBXFileReference; lastKnownFileType = sourcecode.swift; path = GlobalVars.swift; sourceTree = "<group>"; };
/* End PBXFileReference section */

/* Begin PBXFrameworksBuildPhase section */
		B008188623EA5565006A809F /* Frameworks */ = {
			isa = PBXFrameworksBuildPhase;
			buildActionMask = 2147483647;
			files = (
			);
			runOnlyForDeploymentPostprocessing = 0;
		};
/* End PBXFrameworksBuildPhase section */

/* Begin PBXGroup section */
		B008188023EA5565006A809F = {
			isa = PBXGroup;
			children = (
				B070013123F4F99B00D4D4B8 /* Fonts */,
				B008188B23EA5565006A809F /* luckycookie */,
				B008188A23EA5565006A809F /* Products */,
			);
			sourceTree = "<group>";
		};
		B008188A23EA5565006A809F /* Products */ = {
			isa = PBXGroup;
			children = (
				B008188923EA5565006A809F /* luckycookie.app */,
			);
			name = Products;
			sourceTree = "<group>";
		};
		B008188B23EA5565006A809F /* luckycookie */ = {
			isa = PBXGroup;
			children = (
				B008188C23EA5565006A809F /* AppDelegate.swift */,
				B008188E23EA5565006A809F /* SceneDelegate.swift */,
				B008189023EA5565006A809F /* FirstViewController.swift */,
				B00818A223EA610C006A809F /* Main.storyboard */,
				B008189723EA5569006A809F /* Assets.xcassets */,
				B008189923EA5569006A809F /* LaunchScreen.storyboard */,
				B008189C23EA5569006A809F /* Info.plist */,
				B00818A423EA61BC006A809F /* DataViewController.swift */,
				B00818A623EA6301006A809F /* themesViewController.swift */,
				B05A7FD523FB7B66006B2235 /* GlobalVars.swift */,
				B041F39F23FCC3E400230D61 /* CookieImages.swift */,
			);
			path = luckycookie;
			sourceTree = "<group>";
		};
		B070013123F4F99B00D4D4B8 /* Fonts */ = {
			isa = PBXGroup;
			children = (
				B01605D02407647D0073C365 /* theboldfont.ttf */,
			);
			path = Fonts;
			sourceTree = "<group>";
		};
/* End PBXGroup section */

/* Begin PBXNativeTarget section */
		B008188823EA5565006A809F /* luckycookie */ = {
			isa = PBXNativeTarget;
			buildConfigurationList = B008189F23EA5569006A809F /* Build configuration list for PBXNativeTarget "luckycookie" */;
			buildPhases = (
				B008188523EA5565006A809F /* Sources */,
				B008188623EA5565006A809F /* Frameworks */,
				B008188723EA5565006A809F /* Resources */,
			);
			buildRules = (
			);
			dependencies = (
			);
			name = luckycookie;
			productName = luckycookie;
			productReference = B008188923EA5565006A809F /* luckycookie.app */;
			productType = "com.apple.product-type.application";
		};
/* End PBXNativeTarget section */

/* Begin PBXProject section */
		B008188123EA5565006A809F /* Project object */ = {
			isa = PBXProject;
			attributes = {
				LastSwiftUpdateCheck = 1130;
				LastUpgradeCheck = 1130;
				ORGANIZATIONNAME = "Karlo Hurtado";
				TargetAttributes = {
					B008188823EA5565006A809F = {
						CreatedOnToolsVersion = 11.3.1;
					};
				};
			};
			buildConfigurationList = B008188423EA5565006A809F /* Build configuration list for PBXProject "luckycookie" */;
			compatibilityVersion = "Xcode 9.3";
			developmentRegion = en;
			hasScannedForEncodings = 0;
			knownRegions = (
				en,
				Base,
			);
			mainGroup = B008188023EA5565006A809F;
			productRefGroup = B008188A23EA5565006A809F /* Products */;
			projectDirPath = "";
			projectRoot = "";
			targets = (
				B008188823EA5565006A809F /* luckycookie */,
			);
		};
/* End PBXProject section */

/* Begin PBXResourcesBuildPhase section */
		B008188723EA5565006A809F /* Resources */ = {
			isa = PBXResourcesBuildPhase;
			buildActionMask = 2147483647;
			files = (
				B01605D12407647D0073C365 /* theboldfont.ttf in Resources */,
				B00818A323EA610C006A809F /* Main.storyboard in Resources */,
				B008189B23EA5569006A809F /* LaunchScreen.storyboard in Resources */,
				B008189823EA5569006A809F /* Assets.xcassets in Resources */,
			);
			runOnlyForDeploymentPostprocessing = 0;
		};
/* End PBXResourcesBuildPhase section */

/* Begin PBXSourcesBuildPhase section */
		B008188523EA5565006A809F /* Sources */ = {
			isa = PBXSourcesBuildPhase;
			buildActionMask = 2147483647;
			files = (
				B00818A723EA6301006A809F /* themesViewController.swift in Sources */,
				B041F3A023FCC3E400230D61 /* CookieImages.swift in Sources */,
				B00818A523EA61BC006A809F /* DataViewController.swift in Sources */,
				B008189123EA5565006A809F /* FirstViewController.swift in Sources */,
				B008188D23EA5565006A809F /* AppDelegate.swift in Sources */,
				B05A7FD623FB7B66006B2235 /* GlobalVars.swift in Sources */,
				B008188F23EA5565006A809F /* SceneDelegate.swift in Sources */,
			);
			runOnlyForDeploymentPostprocessing = 0;
		};
/* End PBXSourcesBuildPhase section */

/* Begin PBXVariantGroup section */
		B008189923EA5569006A809F /* LaunchScreen.storyboard */ = {
			isa = PBXVariantGroup;
			children = (
				B008189A23EA5569006A809F /* Base */,
			);
			name = LaunchScreen.storyboard;
			sourceTree = "<group>";
		};
/* End PBXVariantGroup section */

/* Begin XCBuildConfiguration section */
		B008189D23EA5569006A809F /* Debug */ = {
			isa = XCBuildConfiguration;
			buildSettings = {
				ALWAYS_SEARCH_USER_PATHS = NO;
				CLANG_ANALYZER_NONNULL = YES;
				CLANG_ANALYZER_NUMBER_OBJECT_CONVERSION = YES_AGGRESSIVE;
				CLANG_CXX_LANGUAGE_STANDARD = "gnu++14";
				CLANG_CXX_LIBRARY = "libc++";
				CLANG_ENABLE_MODULES = YES;
				CLANG_ENABLE_OBJC_ARC = YES;
				CLANG_ENABLE_OBJC_WEAK = YES;
				CLANG_WARN_BLOCK_CAPTURE_AUTORELEASING = YES;
				CLANG_WARN_BOOL_CONVERSION = YES;
				CLANG_WARN_COMMA = YES;
				CLANG_WARN_CONSTANT_CONVERSION = YES;
				CLANG_WARN_DEPRECATED_OBJC_IMPLEMENTATIONS = YES;
				CLANG_WARN_DIRECT_OBJC_ISA_USAGE = YES_ERROR;
				CLANG_WARN_DOCUMENTATION_COMMENTS = YES;
				CLANG_WARN_EMPTY_BODY = YES;
				CLANG_WARN_ENUM_CONVERSION = YES;
				CLANG_WARN_INFINITE_RECURSION = YES;
				CLANG_WARN_INT_CONVERSION = YES;
				CLANG_WARN_NON_LITERAL_NULL_CONVERSION = YES;
				CLANG_WARN_OBJC_IMPLICIT_RETAIN_SELF = YES;
				CLANG_WARN_OBJC_LITERAL_CONVERSION = YES;
				CLANG_WARN_OBJC_ROOT_CLASS = YES_ERROR;
				CLANG_WARN_RANGE_LOOP_ANALYSIS = YES;
				CLANG_WARN_STRICT_PROTOTYPES = YES;
				CLANG_WARN_SUSPICIOUS_MOVE = YES;
				CLANG_WARN_UNGUARDED_AVAILABILITY = YES_AGGRESSIVE;
				CLANG_WARN_UNREACHABLE_CODE = YES;
				CLANG_WARN__DUPLICATE_METHOD_MATCH = YES;
				COPY_PHASE_STRIP = NO;
				DEBUG_INFORMATION_FORMAT = dwarf;
				ENABLE_STRICT_OBJC_MSGSEND = YES;
				ENABLE_TESTABILITY = YES;
				GCC_C_LANGUAGE_STANDARD = gnu11;
				GCC_DYNAMIC_NO_PIC = NO;
				GCC_NO_COMMON_BLOCKS = YES;
				GCC_OPTIMIZATION_LEVEL = 0;
				GCC_PREPROCESSOR_DEFINITIONS = (
					"DEBUG=1",
					"$(inherited)",
				);
				GCC_WARN_64_TO_32_BIT_CONVERSION = YES;
				GCC_WARN_ABOUT_RETURN_TYPE = YES_ERROR;
				GCC_WARN_UNDECLARED_SELECTOR = YES;
				GCC_WARN_UNINITIALIZED_AUTOS = YES_AGGRESSIVE;
				GCC_WARN_UNUSED_FUNCTION = YES;
				GCC_WARN_UNUSED_VARIABLE = YES;
				IPHONEOS_DEPLOYMENT_TARGET = 13.2;
				MTL_ENABLE_DEBUG_INFO = INCLUDE_SOURCE;
				MTL_FAST_MATH = YES;
				ONLY_ACTIVE_ARCH = YES;
				SDKROOT = iphoneos;
				SWIFT_ACTIVE_COMPILATION_CONDITIONS = DEBUG;
				SWIFT_OPTIMIZATION_LEVEL = "-Onone";
			};
			name = Debug;
		};
		B008189E23EA5569006A809F /* Release */ = {
			isa = XCBuildConfiguration;
			buildSettings = {
				ALWAYS_SEARCH_USER_PATHS = NO;
				CLANG_ANALYZER_NONNULL = YES;
				CLANG_ANALYZER_NUMBER_OBJECT_CONVERSION = YES_AGGRESSIVE;
				CLANG_CXX_LANGUAGE_STANDARD = "gnu++14";
				CLANG_CXX_LIBRARY = "libc++";
				CLANG_ENABLE_MODULES = YES;
				CLANG_ENABLE_OBJC_ARC = YES;
				CLANG_ENABLE_OBJC_WEAK = YES;
				CLANG_WARN_BLOCK_CAPTURE_AUTORELEASING = YES;
				CLANG_WARN_BOOL_CONVERSION = YES;
				CLANG_WARN_COMMA = YES;
				CLANG_WARN_CONSTANT_CONVERSION = YES;
				CLANG_WARN_DEPRECATED_OBJC_IMPLEMENTATIONS = YES;
				CLANG_WARN_DIRECT_OBJC_ISA_USAGE = YES_ERROR;
				CLANG_WARN_DOCUMENTATION_COMMENTS = YES;
				CLANG_WARN_EMPTY_BODY = YES;
				CLANG_WARN_ENUM_CONVERSION = YES;
				CLANG_WARN_INFINITE_RECURSION = YES;
				CLANG_WARN_INT_CONVERSION = YES;
				CLANG_WARN_NON_LITERAL_NULL_CONVERSION = YES;
				CLANG_WARN_OBJC_IMPLICIT_RETAIN_SELF = YES;
				CLANG_WARN_OBJC_LITERAL_CONVERSION = YES;
				CLANG_WARN_OBJC_ROOT_CLASS = YES_ERROR;
				CLANG_WARN_RANGE_LOOP_ANALYSIS = YES;
				CLANG_WARN_STRICT_PROTOTYPES = YES;
				CLANG_WARN_SUSPICIOUS_MOVE = YES;
				CLANG_WARN_UNGUARDED_AVAILABILITY = YES_AGGRESSIVE;
				CLANG_WARN_UNREACHABLE_CODE = YES;
				CLANG_WARN__DUPLICATE_METHOD_MATCH = YES;
				COPY_PHASE_STRIP = NO;
				DEBUG_INFORMATION_FORMAT = "dwarf-with-dsym";
				ENABLE_NS_ASSERTIONS = NO;
				ENABLE_STRICT_OBJC_MSGSEND = YES;
				GCC_C_LANGUAGE_STANDARD = gnu11;
				GCC_NO_COMMON_BLOCKS = YES;
				GCC_WARN_64_TO_32_BIT_CONVERSION = YES;
				GCC_WARN_ABOUT_RETURN_TYPE = YES_ERROR;
				GCC_WARN_UNDECLARED_SELECTOR = YES;
				GCC_WARN_UNINITIALIZED_AUTOS = YES_AGGRESSIVE;
				GCC_WARN_UNUSED_FUNCTION = YES;
				GCC_WARN_UNUSED_VARIABLE = YES;
				IPHONEOS_DEPLOYMENT_TARGET = 13.2;
				MTL_ENABLE_DEBUG_INFO = NO;
				MTL_FAST_MATH = YES;
				SDKROOT = iphoneos;
				SWIFT_COMPILATION_MODE = wholemodule;
				SWIFT_OPTIMIZATION_LEVEL = "-O";
				VALIDATE_PRODUCT = YES;
			};
			name = Release;
		};
		B00818A023EA5569006A809F /* Debug */ = {
			isa = XCBuildConfiguration;
			buildSettings = {
				ASSETCATALOG_COMPILER_APPICON_NAME = AppIcon;
				CODE_SIGN_STYLE = Automatic;
				DEVELOPMENT_TEAM = HXV532C2KY;
				INFOPLIST_FILE = luckycookie/Info.plist;
				LD_RUNPATH_SEARCH_PATHS = (
					"$(inherited)",
					"@executable_path/Frameworks",
				);
				PRODUCT_BUNDLE_IDENTIFIER = mx.kacham.luckycookie;
				PRODUCT_NAME = "$(TARGET_NAME)";
				SWIFT_VERSION = 5.0;
				TARGETED_DEVICE_FAMILY = "1,2";
			};
			name = Debug;
		};
		B00818A123EA5569006A809F /* Release */ = {
			isa = XCBuildConfiguration;
			buildSettings = {
				ASSETCATALOG_COMPILER_APPICON_NAME = AppIcon;
				CODE_SIGN_STYLE = Automatic;
				DEVELOPMENT_TEAM = HXV532C2KY;
				INFOPLIST_FILE = luckycookie/Info.plist;
				LD_RUNPATH_SEARCH_PATHS = (
					"$(inherited)",
					"@executable_path/Frameworks",
				);
				PRODUCT_BUNDLE_IDENTIFIER = mx.kacham.luckycookie;
				PRODUCT_NAME = "$(TARGET_NAME)";
				SWIFT_VERSION = 5.0;
				TARGETED_DEVICE_FAMILY = "1,2";
			};
			name = Release;
		};
/* End XCBuildConfiguration section */

/* Begin XCConfigurationList section */
		B008188423EA5565006A809F /* Build configuration list for PBXProject "luckycookie" */ = {
			isa = XCConfigurationList;
			buildConfigurations = (
				B008189D23EA5569006A809F /* Debug */,
				B008189E23EA5569006A809F /* Release */,
			);
			defaultConfigurationIsVisible = 0;
			defaultConfigurationName = Release;
		};
		B008189F23EA5569006A809F /* Build configuration list for PBXNativeTarget "luckycookie" */ = {
			isa = XCConfigurationList;
			buildConfigurations = (
				B00818A023EA5569006A809F /* Debug */,
				B00818A123EA5569006A809F /* Release */,
			);
			defaultConfigurationIsVisible = 0;
			defaultConfigurationName = Release;
		};
/* End XCConfigurationList section */
	};
	rootObject = B008188123EA5565006A809F /* Project object */;
}
