// !$*UTF8*$!
{
	archiveVersion = 1;
	classes = {
	};
	objectVersion = 50;
	objects = {

/* Begin PBXBuildFile section */
		B008188D23EA5565006A809F /* AppDelegate.swift in Sources */ = {isa = PBXBuildFile; fileRef = B008188C23EA5565006A809F /* AppDelegate.swift */; };
		B008188F23EA5565006A809F /* SceneDelegate.swift in Sources */ = {isa = PBXBuildFile; fileRef = B008188E23EA5565006A809F /* SceneDelegate.swift */; };
		B008189123EA5565006A809F /* FirstViewController.swift in Sources */ = {isa = PBXBuildFile; fileRef = B008189023EA5565006A809F /* FirstViewController.swift */; };
		B008189823EA5569006A809F /* LuckyCokkie.xcassets in Resources */ = {isa = PBXBuildFile; fileRef = B008189723EA5569006A809F /* LuckyCokkie.xcassets */; };
		B008189B23EA5569006A809F /* LaunchScreen.storyboard in Resources */ = {isa = PBXBuildFile; fileRef = B008189923EA5569006A809F /* LaunchScreen.storyboard */; };
		B00818A323EA610C006A809F /* Main.storyboard in Resources */ = {isa = PBXBuildFile; fileRef = B00818A223EA610C006A809F /* Main.storyboard */; };
		B00818A523EA61BC006A809F /* DataViewController.swift in Sources */ = {isa = PBXBuildFile; fileRef = B00818A423EA61BC006A809F /* DataViewController.swift */; };
		B00818A723EA6301006A809F /* themesViewController.swift in Sources */ = {isa = PBXBuildFile; fileRef = B00818A623EA6301006A809F /* themesViewController.swift */; };
		B01605D12407647D0073C365 /* theboldfont.ttf in Resources */ = {isa = PBXBuildFile; fileRef = B01605D02407647D0073C365 /* theboldfont.ttf */; };
		B0229E7E244E5E6800261874 /* Dashboard.xcassets in Resources */ = {isa = PBXBuildFile; fileRef = B0229E7D244E5E6800261874 /* Dashboard.xcassets */; };
		B0229E80244E65FC00261874 /* Luna.xcassets in Resources */ = {isa = PBXBuildFile; fileRef = B0229E7F244E65FC00261874 /* Luna.xcassets */; };
		B02F33992449FEA2001349C5 /* TwinHeaders.swift in Sources */ = {isa = PBXBuildFile; fileRef = B02F33982449FEA2001349C5 /* TwinHeaders.swift */; };
		B02F339B244A08AD001349C5 /* DashboardImages.swift in Sources */ = {isa = PBXBuildFile; fileRef = B02F339A244A08AD001349C5 /* DashboardImages.swift */; };
		B02F339E244B7F92001349C5 /* StoryBoardsBasics.swift in Sources */ = {isa = PBXBuildFile; fileRef = B02F339D244B7F92001349C5 /* StoryBoardsBasics.swift */; };
		B02F33A1244B8CA9001349C5 /* Colours.xcassets in Resources */ = {isa = PBXBuildFile; fileRef = B02F33A0244B8CA9001349C5 /* Colours.xcassets */; };
		B02F33A4244B8FEB001349C5 /* ColoursViewController.swift in Sources */ = {isa = PBXBuildFile; fileRef = B02F33A3244B8FEB001349C5 /* ColoursViewController.swift */; };
		B02F33A6244B9979001349C5 /* GenericTextView.swift in Sources */ = {isa = PBXBuildFile; fileRef = B02F33A5244B9979001349C5 /* GenericTextView.swift */; };
		B02F33A9244BB87E001349C5 /* bolaOchoViewController.swift in Sources */ = {isa = PBXBuildFile; fileRef = B02F33A8244BB87E001349C5 /* bolaOchoViewController.swift */; };
		B02F33AB244BBFDB001349C5 /* BolaOchoDefaults.swift in Sources */ = {isa = PBXBuildFile; fileRef = B02F33AA244BBFDB001349C5 /* BolaOchoDefaults.swift */; };
		B02F33AD244BC00E001349C5 /* BolaOcho.xcassets in Resources */ = {isa = PBXBuildFile; fileRef = B02F33AC244BC00E001349C5 /* BolaOcho.xcassets */; };
		B02F33B0244BE53F001349C5 /* NumbersViewController.swift in Sources */ = {isa = PBXBuildFile; fileRef = B02F33AF244BE53F001349C5 /* NumbersViewController.swift */; };
		B02F33B3244BE55F001349C5 /* MoonsViewController.swift in Sources */ = {isa = PBXBuildFile; fileRef = B02F33B2244BE55F001349C5 /* MoonsViewController.swift */; };
		B041F3A023FCC3E400230D61 /* CookieImages.swift in Sources */ = {isa = PBXBuildFile; fileRef = B041F39F23FCC3E400230D61 /* CookieImages.swift */; };
		B05A7FD623FB7B66006B2235 /* GlobalVars.swift in Sources */ = {isa = PBXBuildFile; fileRef = B05A7FD523FB7B66006B2235 /* GlobalVars.swift */; };
		B078347A24489B75006ECC43 /* IntroViewController.swift in Sources */ = {isa = PBXBuildFile; fileRef = B078347924489B75006ECC43 /* IntroViewController.swift */; };
		B078347C24489BAC006ECC43 /* DashboardTableViewController.swift in Sources */ = {isa = PBXBuildFile; fileRef = B078347B24489BAC006ECC43 /* DashboardTableViewController.swift */; };
		B078347F244913CE006ECC43 /* Tools.swift in Sources */ = {isa = PBXBuildFile; fileRef = B078347E244913CE006ECC43 /* Tools.swift */; };
		B07834832449278A006ECC43 /* Typo.swift in Sources */ = {isa = PBXBuildFile; fileRef = B07834812449278A006ECC43 /* Typo.swift */; };
		B07834842449278A006ECC43 /* Font.swift in Sources */ = {isa = PBXBuildFile; fileRef = B07834822449278A006ECC43 /* Font.swift */; };
		B078348724492C9A006ECC43 /* DashboardCompound.swift in Sources */ = {isa = PBXBuildFile; fileRef = B078348624492C9A006ECC43 /* DashboardCompound.swift */; };
		B078348924493490006ECC43 /* CenterCell.swift in Sources */ = {isa = PBXBuildFile; fileRef = B078348824493490006ECC43 /* CenterCell.swift */; };
		B078348B24494460006ECC43 /* TwinCell.swift in Sources */ = {isa = PBXBuildFile; fileRef = B078348A24494460006ECC43 /* TwinCell.swift */; };
		B0CBF4F3244F4B7B00ECD7D9 /* MoonsImages.swift in Sources */ = {isa = PBXBuildFile; fileRef = B0CBF4F2244F4B7B00ECD7D9 /* MoonsImages.swift */; };
		B0D58F1D243C17FD0004ADDC /* karloExtensions.swift in Sources */ = {isa = PBXBuildFile; fileRef = B0D58F1C243C17FD0004ADDC /* karloExtensions.swift */; };
		D8CC943EE6E8503AEE28F42F /* libPods-luckycookie.a in Frameworks */ = {isa = PBXBuildFile; fileRef = D390FF98453BB2843846892F /* libPods-luckycookie.a */; };
/* End PBXBuildFile section */

/* Begin PBXFileReference section */
		76A426A1129AB2BA53ED6E74 /* Pods-luckycookie.debug.xcconfig */ = {isa = PBXFileReference; includeInIndex = 1; lastKnownFileType = text.xcconfig; name = "Pods-luckycookie.debug.xcconfig"; path = "Target Support Files/Pods-luckycookie/Pods-luckycookie.debug.xcconfig"; sourceTree = "<group>"; };
		B008188923EA5565006A809F /* Fortunas.app */ = {isa = PBXFileReference; explicitFileType = wrapper.application; includeInIndex = 0; path = Fortunas.app; sourceTree = BUILT_PRODUCTS_DIR; };
		B008188C23EA5565006A809F /* AppDelegate.swift */ = {isa = PBXFileReference; lastKnownFileType = sourcecode.swift; path = AppDelegate.swift; sourceTree = "<group>"; };
		B008188E23EA5565006A809F /* SceneDelegate.swift */ = {isa = PBXFileReference; lastKnownFileType = sourcecode.swift; path = SceneDelegate.swift; sourceTree = "<group>"; };
		B008189023EA5565006A809F /* FirstViewController.swift */ = {isa = PBXFileReference; lastKnownFileType = sourcecode.swift; path = FirstViewController.swift; sourceTree = "<group>"; };
		B008189723EA5569006A809F /* LuckyCokkie.xcassets */ = {isa = PBXFileReference; lastKnownFileType = folder.assetcatalog; path = LuckyCokkie.xcassets; sourceTree = "<group>"; };
		B008189A23EA5569006A809F /* Base */ = {isa = PBXFileReference; lastKnownFileType = file.storyboard; name = Base; path = Base.lproj/LaunchScreen.storyboard; sourceTree = "<group>"; };
		B008189C23EA5569006A809F /* Info.plist */ = {isa = PBXFileReference; lastKnownFileType = text.plist.xml; path = Info.plist; sourceTree = "<group>"; };
		B00818A223EA610C006A809F /* Main.storyboard */ = {isa = PBXFileReference; fileEncoding = 4; lastKnownFileType = file.storyboard; path = Main.storyboard; sourceTree = "<group>"; };
		B00818A423EA61BC006A809F /* DataViewController.swift */ = {isa = PBXFileReference; lastKnownFileType = sourcecode.swift; path = DataViewController.swift; sourceTree = "<group>"; };
		B00818A623EA6301006A809F /* themesViewController.swift */ = {isa = PBXFileReference; lastKnownFileType = sourcecode.swift; path = themesViewController.swift; sourceTree = "<group>"; };
		B01605D02407647D0073C365 /* theboldfont.ttf */ = {isa = PBXFileReference; lastKnownFileType = file; path = theboldfont.ttf; sourceTree = "<group>"; };
		B0229E7D244E5E6800261874 /* Dashboard.xcassets */ = {isa = PBXFileReference; lastKnownFileType = folder.assetcatalog; path = Dashboard.xcassets; sourceTree = "<group>"; };
		B0229E7F244E65FC00261874 /* Luna.xcassets */ = {isa = PBXFileReference; lastKnownFileType = folder.assetcatalog; path = Luna.xcassets; sourceTree = "<group>"; };
		B02F33982449FEA2001349C5 /* TwinHeaders.swift */ = {isa = PBXFileReference; lastKnownFileType = sourcecode.swift; path = TwinHeaders.swift; sourceTree = "<group>"; };
		B02F339A244A08AD001349C5 /* DashboardImages.swift */ = {isa = PBXFileReference; lastKnownFileType = sourcecode.swift; path = DashboardImages.swift; sourceTree = "<group>"; };
		B02F339D244B7F92001349C5 /* StoryBoardsBasics.swift */ = {isa = PBXFileReference; lastKnownFileType = sourcecode.swift; path = StoryBoardsBasics.swift; sourceTree = "<group>"; };
		B02F33A0244B8CA9001349C5 /* Colours.xcassets */ = {isa = PBXFileReference; lastKnownFileType = folder.assetcatalog; path = Colours.xcassets; sourceTree = "<group>"; };
		B02F33A3244B8FEB001349C5 /* ColoursViewController.swift */ = {isa = PBXFileReference; lastKnownFileType = sourcecode.swift; path = ColoursViewController.swift; sourceTree = "<group>"; };
		B02F33A5244B9979001349C5 /* GenericTextView.swift */ = {isa = PBXFileReference; lastKnownFileType = sourcecode.swift; path = GenericTextView.swift; sourceTree = "<group>"; };
		B02F33A8244BB87E001349C5 /* bolaOchoViewController.swift */ = {isa = PBXFileReference; lastKnownFileType = sourcecode.swift; path = bolaOchoViewController.swift; sourceTree = "<group>"; };
		B02F33AA244BBFDB001349C5 /* BolaOchoDefaults.swift */ = {isa = PBXFileReference; lastKnownFileType = sourcecode.swift; path = BolaOchoDefaults.swift; sourceTree = "<group>"; };
		B02F33AC244BC00E001349C5 /* BolaOcho.xcassets */ = {isa = PBXFileReference; lastKnownFileType = folder.assetcatalog; path = BolaOcho.xcassets; sourceTree = "<group>"; };
		B02F33AF244BE53F001349C5 /* NumbersViewController.swift */ = {isa = PBXFileReference; lastKnownFileType = sourcecode.swift; path = NumbersViewController.swift; sourceTree = "<group>"; };
		B02F33B2244BE55F001349C5 /* MoonsViewController.swift */ = {isa = PBXFileReference; lastKnownFileType = sourcecode.swift; path = MoonsViewController.swift; sourceTree = "<group>"; };
		B041F39F23FCC3E400230D61 /* CookieImages.swift */ = {isa = PBXFileReference; lastKnownFileType = sourcecode.swift; path = CookieImages.swift; sourceTree = "<group>"; };
		B05A7FD523FB7B66006B2235 /* GlobalVars.swift */ = {isa = PBXFileReference; lastKnownFileType = sourcecode.swift; path = GlobalVars.swift; sourceTree = "<group>"; };
		B078347924489B75006ECC43 /* IntroViewController.swift */ = {isa = PBXFileReference; lastKnownFileType = sourcecode.swift; path = IntroViewController.swift; sourceTree = "<group>"; };
		B078347B24489BAC006ECC43 /* DashboardTableViewController.swift */ = {isa = PBXFileReference; lastKnownFileType = sourcecode.swift; path = DashboardTableViewController.swift; sourceTree = "<group>"; };
		B078347E244913CE006ECC43 /* Tools.swift */ = {isa = PBXFileReference; lastKnownFileType = sourcecode.swift; path = Tools.swift; sourceTree = "<group>"; };
		B07834812449278A006ECC43 /* Typo.swift */ = {isa = PBXFileReference; fileEncoding = 4; lastKnownFileType = sourcecode.swift; path = Typo.swift; sourceTree = "<group>"; };
		B07834822449278A006ECC43 /* Font.swift */ = {isa = PBXFileReference; fileEncoding = 4; lastKnownFileType = sourcecode.swift; path = Font.swift; sourceTree = "<group>"; };
		B078348624492C9A006ECC43 /* DashboardCompound.swift */ = {isa = PBXFileReference; lastKnownFileType = sourcecode.swift; path = DashboardCompound.swift; sourceTree = "<group>"; };
		B078348824493490006ECC43 /* CenterCell.swift */ = {isa = PBXFileReference; lastKnownFileType = sourcecode.swift; path = CenterCell.swift; sourceTree = "<group>"; };
		B078348A24494460006ECC43 /* TwinCell.swift */ = {isa = PBXFileReference; lastKnownFileType = sourcecode.swift; path = TwinCell.swift; sourceTree = "<group>"; };
		B0CBF4F2244F4B7B00ECD7D9 /* MoonsImages.swift */ = {isa = PBXFileReference; lastKnownFileType = sourcecode.swift; path = MoonsImages.swift; sourceTree = "<group>"; };
		B0D58F1C243C17FD0004ADDC /* karloExtensions.swift */ = {isa = PBXFileReference; lastKnownFileType = sourcecode.swift; path = karloExtensions.swift; sourceTree = "<group>"; };
		B8466B2CA743D6919CAFF335 /* Pods-luckycookie.release.xcconfig */ = {isa = PBXFileReference; includeInIndex = 1; lastKnownFileType = text.xcconfig; name = "Pods-luckycookie.release.xcconfig"; path = "Target Support Files/Pods-luckycookie/Pods-luckycookie.release.xcconfig"; sourceTree = "<group>"; };
		D390FF98453BB2843846892F /* libPods-luckycookie.a */ = {isa = PBXFileReference; explicitFileType = archive.ar; includeInIndex = 0; path = "libPods-luckycookie.a"; sourceTree = BUILT_PRODUCTS_DIR; };
/* End PBXFileReference section */

/* Begin PBXFrameworksBuildPhase section */
		B008188623EA5565006A809F /* Frameworks */ = {
			isa = PBXFrameworksBuildPhase;
			buildActionMask = 2147483647;
			files = (
				D8CC943EE6E8503AEE28F42F /* libPods-luckycookie.a in Frameworks */,
			);
			runOnlyForDeploymentPostprocessing = 0;
		};
/* End PBXFrameworksBuildPhase section */

/* Begin PBXGroup section */
		577F6ABB30A6DD5AC1DD5E96 /* Pods */ = {
			isa = PBXGroup;
			children = (
				76A426A1129AB2BA53ED6E74 /* Pods-luckycookie.debug.xcconfig */,
				B8466B2CA743D6919CAFF335 /* Pods-luckycookie.release.xcconfig */,
			);
			path = Pods;
			sourceTree = "<group>";
		};
		5785B2600100DF3899A632A5 /* Frameworks */ = {
			isa = PBXGroup;
			children = (
				D390FF98453BB2843846892F /* libPods-luckycookie.a */,
			);
			name = Frameworks;
			sourceTree = "<group>";
		};
		B008188023EA5565006A809F = {
			isa = PBXGroup;
			children = (
				B02F339C244B7F6A001349C5 /* Storyboards */,
				B078348524492C66006ECC43 /* components */,
				B070013123F4F99B00D4D4B8 /* Fonts */,
				B008188B23EA5565006A809F /* luckycookie */,
				B008188A23EA5565006A809F /* Products */,
				577F6ABB30A6DD5AC1DD5E96 /* Pods */,
				5785B2600100DF3899A632A5 /* Frameworks */,
			);
			sourceTree = "<group>";
		};
		B008188A23EA5565006A809F /* Products */ = {
			isa = PBXGroup;
			children = (
				B008188923EA5565006A809F /* Fortunas.app */,
			);
			name = Products;
			sourceTree = "<group>";
		};
		B008188B23EA5565006A809F /* luckycookie */ = {
			isa = PBXGroup;
			children = (
				B02F33B1244BE54D001349C5 /* Moons */,
				B02F33AE244BE528001349C5 /* Numbers */,
				B02F33A7244BB85F001349C5 /* bola8 */,
				B02F33A2244B8FCA001349C5 /* Colours */,
				B02F339F244B8C88001349C5 /* Assets */,
				B07834802449278A006ECC43 /* Fonts */,
				B078347D244912E6006ECC43 /* luckyCookie */,
				B078347824489B41006ECC43 /* Dashboard */,
				B078347724489B39006ECC43 /* Main */,
				B008188C23EA5565006A809F /* AppDelegate.swift */,
				B008188E23EA5565006A809F /* SceneDelegate.swift */,
				B00818A223EA610C006A809F /* Main.storyboard */,
				B008189923EA5569006A809F /* LaunchScreen.storyboard */,
				B008189C23EA5569006A809F /* Info.plist */,
				B05A7FD523FB7B66006B2235 /* GlobalVars.swift */,
				B041F39F23FCC3E400230D61 /* CookieImages.swift */,
				B0D58F1C243C17FD0004ADDC /* karloExtensions.swift */,
				B078347E244913CE006ECC43 /* Tools.swift */,
			);
			path = luckycookie;
			sourceTree = "<group>";
		};
		B02F339C244B7F6A001349C5 /* Storyboards */ = {
			isa = PBXGroup;
			children = (
				B02F339D244B7F92001349C5 /* StoryBoardsBasics.swift */,
			);
			path = Storyboards;
			sourceTree = "<group>";
		};
		B02F339F244B8C88001349C5 /* Assets */ = {
			isa = PBXGroup;
			children = (
				B008189723EA5569006A809F /* LuckyCokkie.xcassets */,
				B02F33A0244B8CA9001349C5 /* Colours.xcassets */,
				B02F33AC244BC00E001349C5 /* BolaOcho.xcassets */,
				B0229E7D244E5E6800261874 /* Dashboard.xcassets */,
				B0229E7F244E65FC00261874 /* Luna.xcassets */,
			);
			path = Assets;
			sourceTree = "<group>";
		};
		B02F33A2244B8FCA001349C5 /* Colours */ = {
			isa = PBXGroup;
			children = (
				B02F33A3244B8FEB001349C5 /* ColoursViewController.swift */,
			);
			path = Colours;
			sourceTree = "<group>";
		};
		B02F33A7244BB85F001349C5 /* bola8 */ = {
			isa = PBXGroup;
			children = (
				B02F33A8244BB87E001349C5 /* bolaOchoViewController.swift */,
				B02F33AA244BBFDB001349C5 /* BolaOchoDefaults.swift */,
			);
			path = bola8;
			sourceTree = "<group>";
		};
		B02F33AE244BE528001349C5 /* Numbers */ = {
			isa = PBXGroup;
			children = (
				B02F33AF244BE53F001349C5 /* NumbersViewController.swift */,
			);
			path = Numbers;
			sourceTree = "<group>";
		};
		B02F33B1244BE54D001349C5 /* Moons */ = {
			isa = PBXGroup;
			children = (
				B02F33B2244BE55F001349C5 /* MoonsViewController.swift */,
				B0CBF4F2244F4B7B00ECD7D9 /* MoonsImages.swift */,
			);
			path = Moons;
			sourceTree = "<group>";
		};
		B070013123F4F99B00D4D4B8 /* Fonts */ = {
			isa = PBXGroup;
			children = (
				B01605D02407647D0073C365 /* theboldfont.ttf */,
			);
			path = Fonts;
			sourceTree = "<group>";
		};
		B078347724489B39006ECC43 /* Main */ = {
			isa = PBXGroup;
			children = (
				B078347924489B75006ECC43 /* IntroViewController.swift */,
			);
			path = Main;
			sourceTree = "<group>";
		};
		B078347824489B41006ECC43 /* Dashboard */ = {
			isa = PBXGroup;
			children = (
				B078347B24489BAC006ECC43 /* DashboardTableViewController.swift */,
				B02F339A244A08AD001349C5 /* DashboardImages.swift */,
			);
			path = Dashboard;
			sourceTree = "<group>";
		};
		B078347D244912E6006ECC43 /* luckyCookie */ = {
			isa = PBXGroup;
			children = (
				B008189023EA5565006A809F /* FirstViewController.swift */,
				B00818A423EA61BC006A809F /* DataViewController.swift */,
				B00818A623EA6301006A809F /* themesViewController.swift */,
			);
			path = luckyCookie;
			sourceTree = "<group>";
		};
		B07834802449278A006ECC43 /* Fonts */ = {
			isa = PBXGroup;
			children = (
				B07834812449278A006ECC43 /* Typo.swift */,
				B07834822449278A006ECC43 /* Font.swift */,
			);
			path = Fonts;
			sourceTree = "<group>";
		};
		B078348524492C66006ECC43 /* components */ = {
			isa = PBXGroup;
			children = (
				B078348624492C9A006ECC43 /* DashboardCompound.swift */,
				B078348A24494460006ECC43 /* TwinCell.swift */,
				B078348824493490006ECC43 /* CenterCell.swift */,
				B02F33982449FEA2001349C5 /* TwinHeaders.swift */,
				B02F33A5244B9979001349C5 /* GenericTextView.swift */,
			);
			path = components;
			sourceTree = "<group>";
		};
/* End PBXGroup section */

/* Begin PBXNativeTarget section */
		B008188823EA5565006A809F /* luckycookie */ = {
			isa = PBXNativeTarget;
			buildConfigurationList = B008189F23EA5569006A809F /* Build configuration list for PBXNativeTarget "luckycookie" */;
			buildPhases = (
				CD37E3C4E1A82905E1CB0869 /* [CP] Check Pods Manifest.lock */,
				B008188523EA5565006A809F /* Sources */,
				B008188623EA5565006A809F /* Frameworks */,
				B008188723EA5565006A809F /* Resources */,
			);
			buildRules = (
			);
			dependencies = (
			);
			name = luckycookie;
			productName = luckycookie;
			productReference = B008188923EA5565006A809F /* Fortunas.app */;
			productType = "com.apple.product-type.application";
		};
/* End PBXNativeTarget section */

/* Begin PBXProject section */
		B008188123EA5565006A809F /* Project object */ = {
			isa = PBXProject;
			attributes = {
				LastSwiftUpdateCheck = 1130;
				LastUpgradeCheck = 1130;
				ORGANIZATIONNAME = "Karlo Hurtado";
				TargetAttributes = {
					B008188823EA5565006A809F = {
						CreatedOnToolsVersion = 11.3.1;
					};
				};
			};
			buildConfigurationList = B008188423EA5565006A809F /* Build configuration list for PBXProject "luckycookie" */;
			compatibilityVersion = "Xcode 9.3";
			developmentRegion = en;
			hasScannedForEncodings = 0;
			knownRegions = (
				en,
				Base,
			);
			mainGroup = B008188023EA5565006A809F;
			productRefGroup = B008188A23EA5565006A809F /* Products */;
			projectDirPath = "";
			projectRoot = "";
			targets = (
				B008188823EA5565006A809F /* luckycookie */,
			);
		};
/* End PBXProject section */

/* Begin PBXResourcesBuildPhase section */
		B008188723EA5565006A809F /* Resources */ = {
			isa = PBXResourcesBuildPhase;
			buildActionMask = 2147483647;
			files = (
				B01605D12407647D0073C365 /* theboldfont.ttf in Resources */,
				B0229E80244E65FC00261874 /* Luna.xcassets in Resources */,
				B02F33A1244B8CA9001349C5 /* Colours.xcassets in Resources */,
				B02F33AD244BC00E001349C5 /* BolaOcho.xcassets in Resources */,
				B00818A323EA610C006A809F /* Main.storyboard in Resources */,
				B008189B23EA5569006A809F /* LaunchScreen.storyboard in Resources */,
				B008189823EA5569006A809F /* LuckyCokkie.xcassets in Resources */,
				B0229E7E244E5E6800261874 /* Dashboard.xcassets in Resources */,
			);
			runOnlyForDeploymentPostprocessing = 0;
		};
/* End PBXResourcesBuildPhase section */

/* Begin PBXShellScriptBuildPhase section */
		CD37E3C4E1A82905E1CB0869 /* [CP] Check Pods Manifest.lock */ = {
			isa = PBXShellScriptBuildPhase;
			buildActionMask = 2147483647;
			files = (
			);
			inputFileListPaths = (
			);
			inputPaths = (
				"${PODS_PODFILE_DIR_PATH}/Podfile.lock",
				"${PODS_ROOT}/Manifest.lock",
			);
			name = "[CP] Check Pods Manifest.lock";
			outputFileListPaths = (
			);
			outputPaths = (
				"$(DERIVED_FILE_DIR)/Pods-luckycookie-checkManifestLockResult.txt",
			);
			runOnlyForDeploymentPostprocessing = 0;
			shellPath = /bin/sh;
			shellScript = "diff \"${PODS_PODFILE_DIR_PATH}/Podfile.lock\" \"${PODS_ROOT}/Manifest.lock\" > /dev/null\nif [ $? != 0 ] ; then\n    # print error to STDERR\n    echo \"error: The sandbox is not in sync with the Podfile.lock. Run 'pod install' or update your CocoaPods installation.\" >&2\n    exit 1\nfi\n# This output is used by Xcode 'outputs' to avoid re-running this script phase.\necho \"SUCCESS\" > \"${SCRIPT_OUTPUT_FILE_0}\"\n";
			showEnvVarsInLog = 0;
		};
/* End PBXShellScriptBuildPhase section */

/* Begin PBXSourcesBuildPhase section */
		B008188523EA5565006A809F /* Sources */ = {
			isa = PBXSourcesBuildPhase;
			buildActionMask = 2147483647;
			files = (
				B078347C24489BAC006ECC43 /* DashboardTableViewController.swift in Sources */,
				B02F33B3244BE55F001349C5 /* MoonsViewController.swift in Sources */,
				B078347A24489B75006ECC43 /* IntroViewController.swift in Sources */,
				B00818A723EA6301006A809F /* themesViewController.swift in Sources */,
				B0D58F1D243C17FD0004ADDC /* karloExtensions.swift in Sources */,
				B041F3A023FCC3E400230D61 /* CookieImages.swift in Sources */,
				B07834832449278A006ECC43 /* Typo.swift in Sources */,
				B02F33AB244BBFDB001349C5 /* BolaOchoDefaults.swift in Sources */,
				B00818A523EA61BC006A809F /* DataViewController.swift in Sources */,
				B07834842449278A006ECC43 /* Font.swift in Sources */,
				B02F33B0244BE53F001349C5 /* NumbersViewController.swift in Sources */,
				B078348924493490006ECC43 /* CenterCell.swift in Sources */,
				B02F33A9244BB87E001349C5 /* bolaOchoViewController.swift in Sources */,
				B008189123EA5565006A809F /* FirstViewController.swift in Sources */,
				B078347F244913CE006ECC43 /* Tools.swift in Sources */,
				B078348B24494460006ECC43 /* TwinCell.swift in Sources */,
				B0CBF4F3244F4B7B00ECD7D9 /* MoonsImages.swift in Sources */,
				B02F33A4244B8FEB001349C5 /* ColoursViewController.swift in Sources */,
				B02F33992449FEA2001349C5 /* TwinHeaders.swift in Sources */,
				B02F339E244B7F92001349C5 /* StoryBoardsBasics.swift in Sources */,
				B008188D23EA5565006A809F /* AppDelegate.swift in Sources */,
				B02F339B244A08AD001349C5 /* DashboardImages.swift in Sources */,
				B078348724492C9A006ECC43 /* DashboardCompound.swift in Sources */,
				B02F33A6244B9979001349C5 /* GenericTextView.swift in Sources */,
				B05A7FD623FB7B66006B2235 /* GlobalVars.swift in Sources */,
				B008188F23EA5565006A809F /* SceneDelegate.swift in Sources */,
			);
			runOnlyForDeploymentPostprocessing = 0;
		};
/* End PBXSourcesBuildPhase section */

/* Begin PBXVariantGroup section */
		B008189923EA5569006A809F /* LaunchScreen.storyboard */ = {
			isa = PBXVariantGroup;
			children = (
				B008189A23EA5569006A809F /* Base */,
			);
			name = LaunchScreen.storyboard;
			sourceTree = "<group>";
		};
/* End PBXVariantGroup section */

/* Begin XCBuildConfiguration section */
		B008189D23EA5569006A809F /* Debug */ = {
			isa = XCBuildConfiguration;
			buildSettings = {
				ALWAYS_SEARCH_USER_PATHS = NO;
				CLANG_ANALYZER_NONNULL = YES;
				CLANG_ANALYZER_NUMBER_OBJECT_CONVERSION = YES_AGGRESSIVE;
				CLANG_CXX_LANGUAGE_STANDARD = "gnu++14";
				CLANG_CXX_LIBRARY = "libc++";
				CLANG_ENABLE_MODULES = YES;
				CLANG_ENABLE_OBJC_ARC = YES;
				CLANG_ENABLE_OBJC_WEAK = YES;
				CLANG_WARN_BLOCK_CAPTURE_AUTORELEASING = YES;
				CLANG_WARN_BOOL_CONVERSION = YES;
				CLANG_WARN_COMMA = YES;
				CLANG_WARN_CONSTANT_CONVERSION = YES;
				CLANG_WARN_DEPRECATED_OBJC_IMPLEMENTATIONS = YES;
				CLANG_WARN_DIRECT_OBJC_ISA_USAGE = YES_ERROR;
				CLANG_WARN_DOCUMENTATION_COMMENTS = YES;
				CLANG_WARN_EMPTY_BODY = YES;
				CLANG_WARN_ENUM_CONVERSION = YES;
				CLANG_WARN_INFINITE_RECURSION = YES;
				CLANG_WARN_INT_CONVERSION = YES;
				CLANG_WARN_NON_LITERAL_NULL_CONVERSION = YES;
				CLANG_WARN_OBJC_IMPLICIT_RETAIN_SELF = YES;
				CLANG_WARN_OBJC_LITERAL_CONVERSION = YES;
				CLANG_WARN_OBJC_ROOT_CLASS = YES_ERROR;
				CLANG_WARN_RANGE_LOOP_ANALYSIS = YES;
				CLANG_WARN_STRICT_PROTOTYPES = YES;
				CLANG_WARN_SUSPICIOUS_MOVE = YES;
				CLANG_WARN_UNGUARDED_AVAILABILITY = YES_AGGRESSIVE;
				CLANG_WARN_UNREACHABLE_CODE = YES;
				CLANG_WARN__DUPLICATE_METHOD_MATCH = YES;
				COPY_PHASE_STRIP = NO;
				DEBUG_INFORMATION_FORMAT = dwarf;
				ENABLE_STRICT_OBJC_MSGSEND = YES;
				ENABLE_TESTABILITY = YES;
				GCC_C_LANGUAGE_STANDARD = gnu11;
				GCC_DYNAMIC_NO_PIC = NO;
				GCC_NO_COMMON_BLOCKS = YES;
				GCC_OPTIMIZATION_LEVEL = 0;
				GCC_PREPROCESSOR_DEFINITIONS = (
					"DEBUG=1",
					"$(inherited)",
				);
				GCC_WARN_64_TO_32_BIT_CONVERSION = YES;
				GCC_WARN_ABOUT_RETURN_TYPE = YES_ERROR;
				GCC_WARN_UNDECLARED_SELECTOR = YES;
				GCC_WARN_UNINITIALIZED_AUTOS = YES_AGGRESSIVE;
				GCC_WARN_UNUSED_FUNCTION = YES;
				GCC_WARN_UNUSED_VARIABLE = YES;
				IPHONEOS_DEPLOYMENT_TARGET = 13.2;
				MTL_ENABLE_DEBUG_INFO = INCLUDE_SOURCE;
				MTL_FAST_MATH = YES;
				ONLY_ACTIVE_ARCH = YES;
				SDKROOT = iphoneos;
				SWIFT_ACTIVE_COMPILATION_CONDITIONS = DEBUG;
				SWIFT_OPTIMIZATION_LEVEL = "-Onone";
			};
			name = Debug;
		};
		B008189E23EA5569006A809F /* Release */ = {
			isa = XCBuildConfiguration;
			buildSettings = {
				ALWAYS_SEARCH_USER_PATHS = NO;
				CLANG_ANALYZER_NONNULL = YES;
				CLANG_ANALYZER_NUMBER_OBJECT_CONVERSION = YES_AGGRESSIVE;
				CLANG_CXX_LANGUAGE_STANDARD = "gnu++14";
				CLANG_CXX_LIBRARY = "libc++";
				CLANG_ENABLE_MODULES = YES;
				CLANG_ENABLE_OBJC_ARC = YES;
				CLANG_ENABLE_OBJC_WEAK = YES;
				CLANG_WARN_BLOCK_CAPTURE_AUTORELEASING = YES;
				CLANG_WARN_BOOL_CONVERSION = YES;
				CLANG_WARN_COMMA = YES;
				CLANG_WARN_CONSTANT_CONVERSION = YES;
				CLANG_WARN_DEPRECATED_OBJC_IMPLEMENTATIONS = YES;
				CLANG_WARN_DIRECT_OBJC_ISA_USAGE = YES_ERROR;
				CLANG_WARN_DOCUMENTATION_COMMENTS = YES;
				CLANG_WARN_EMPTY_BODY = YES;
				CLANG_WARN_ENUM_CONVERSION = YES;
				CLANG_WARN_INFINITE_RECURSION = YES;
				CLANG_WARN_INT_CONVERSION = YES;
				CLANG_WARN_NON_LITERAL_NULL_CONVERSION = YES;
				CLANG_WARN_OBJC_IMPLICIT_RETAIN_SELF = YES;
				CLANG_WARN_OBJC_LITERAL_CONVERSION = YES;
				CLANG_WARN_OBJC_ROOT_CLASS = YES_ERROR;
				CLANG_WARN_RANGE_LOOP_ANALYSIS = YES;
				CLANG_WARN_STRICT_PROTOTYPES = YES;
				CLANG_WARN_SUSPICIOUS_MOVE = YES;
				CLANG_WARN_UNGUARDED_AVAILABILITY = YES_AGGRESSIVE;
				CLANG_WARN_UNREACHABLE_CODE = YES;
				CLANG_WARN__DUPLICATE_METHOD_MATCH = YES;
				COPY_PHASE_STRIP = NO;
				DEBUG_INFORMATION_FORMAT = "dwarf-with-dsym";
				ENABLE_NS_ASSERTIONS = NO;
				ENABLE_STRICT_OBJC_MSGSEND = YES;
				GCC_C_LANGUAGE_STANDARD = gnu11;
				GCC_NO_COMMON_BLOCKS = YES;
				GCC_WARN_64_TO_32_BIT_CONVERSION = YES;
				GCC_WARN_ABOUT_RETURN_TYPE = YES_ERROR;
				GCC_WARN_UNDECLARED_SELECTOR = YES;
				GCC_WARN_UNINITIALIZED_AUTOS = YES_AGGRESSIVE;
				GCC_WARN_UNUSED_FUNCTION = YES;
				GCC_WARN_UNUSED_VARIABLE = YES;
				IPHONEOS_DEPLOYMENT_TARGET = 13.2;
				MTL_ENABLE_DEBUG_INFO = NO;
				MTL_FAST_MATH = YES;
				SDKROOT = iphoneos;
				SWIFT_COMPILATION_MODE = wholemodule;
				SWIFT_OPTIMIZATION_LEVEL = "-O";
				VALIDATE_PRODUCT = YES;
			};
			name = Release;
		};
		B00818A023EA5569006A809F /* Debug */ = {
			isa = XCBuildConfiguration;
			baseConfigurationReference = 76A426A1129AB2BA53ED6E74 /* Pods-luckycookie.debug.xcconfig */;
			buildSettings = {
				ASSETCATALOG_COMPILER_APPICON_NAME = AppIcon;
				CODE_SIGN_STYLE = Automatic;
				CURRENT_PROJECT_VERSION = 1.0.1;
				DEVELOPMENT_TEAM = HXV532C2KY;
				INFOPLIST_FILE = luckycookie/Info.plist;
				IPHONEOS_DEPLOYMENT_TARGET = 13.0;
				LD_RUNPATH_SEARCH_PATHS = (
					"$(inherited)",
					"@executable_path/Frameworks",
				);
				PRODUCT_BUNDLE_IDENTIFIER = mx.kacham.luckycookie;
				PRODUCT_NAME = Fortunas;
				SWIFT_VERSION = 5.0;
				TARGETED_DEVICE_FAMILY = 1;
			};
			name = Debug;
		};
		B00818A123EA5569006A809F /* Release */ = {
			isa = XCBuildConfiguration;
			baseConfigurationReference = B8466B2CA743D6919CAFF335 /* Pods-luckycookie.release.xcconfig */;
			buildSettings = {
				ASSETCATALOG_COMPILER_APPICON_NAME = AppIcon;
				CODE_SIGN_STYLE = Automatic;
				CURRENT_PROJECT_VERSION = 1.0.1;
				DEVELOPMENT_TEAM = HXV532C2KY;
				INFOPLIST_FILE = luckycookie/Info.plist;
				IPHONEOS_DEPLOYMENT_TARGET = 13.0;
				LD_RUNPATH_SEARCH_PATHS = (
					"$(inherited)",
					"@executable_path/Frameworks",
				);
				PRODUCT_BUNDLE_IDENTIFIER = mx.kacham.luckycookie;
				PRODUCT_NAME = Fortunas;
				SWIFT_VERSION = 5.0;
				TARGETED_DEVICE_FAMILY = 1;
			};
			name = Release;
		};
/* End XCBuildConfiguration section */

/* Begin XCConfigurationList section */
		B008188423EA5565006A809F /* Build configuration list for PBXProject "luckycookie" */ = {
			isa = XCConfigurationList;
			buildConfigurations = (
				B008189D23EA5569006A809F /* Debug */,
				B008189E23EA5569006A809F /* Release */,
			);
			defaultConfigurationIsVisible = 0;
			defaultConfigurationName = Release;
		};
		B008189F23EA5569006A809F /* Build configuration list for PBXNativeTarget "luckycookie" */ = {
			isa = XCConfigurationList;
			buildConfigurations = (
				B00818A023EA5569006A809F /* Debug */,
				B00818A123EA5569006A809F /* Release */,
			);
			defaultConfigurationIsVisible = 0;
			defaultConfigurationName = Release;
		};
/* End XCConfigurationList section */
	};
	rootObject = B008188123EA5565006A809F /* Project object */;
}
